// !$*UTF8*$!
{
	archiveVersion = 1;
	classes = {
	};
	objectVersion = 55;
	objects = {

/* Begin PBXBuildFile section */
		332F42C32854B75900432503 /* AppDelegate.swift in Sources */ = {isa = PBXBuildFile; fileRef = 332F42C22854B75900432503 /* AppDelegate.swift */; };
		332F42C52854B75900432503 /* SceneDelegate.swift in Sources */ = {isa = PBXBuildFile; fileRef = 332F42C42854B75900432503 /* SceneDelegate.swift */; };
		332F42C72854B75900432503 /* ViewController.swift in Sources */ = {isa = PBXBuildFile; fileRef = 332F42C62854B75900432503 /* ViewController.swift */; };
		332F42CA2854B75900432503 /* Main.storyboard in Resources */ = {isa = PBXBuildFile; fileRef = 332F42C82854B75900432503 /* Main.storyboard */; };
		332F42CC2854B75B00432503 /* Assets.xcassets in Resources */ = {isa = PBXBuildFile; fileRef = 332F42CB2854B75B00432503 /* Assets.xcassets */; };
		332F42CF2854B75B00432503 /* LaunchScreen.storyboard in Resources */ = {isa = PBXBuildFile; fileRef = 332F42CD2854B75B00432503 /* LaunchScreen.storyboard */; };
		332F42D72854CDCB00432503 /* YelloViewController.swift in Sources */ = {isa = PBXBuildFile; fileRef = 332F42D62854CDCB00432503 /* YelloViewController.swift */; };
		332F42D92854CDEA00432503 /* BlueViewController.swift in Sources */ = {isa = PBXBuildFile; fileRef = 332F42D82854CDEA00432503 /* BlueViewController.swift */; };
		332F42DB2854CE0D00432503 /* PurpilViewController.swift in Sources */ = {isa = PBXBuildFile; fileRef = 332F42DA2854CE0D00432503 /* PurpilViewController.swift */; };
/* End PBXBuildFile section */

/* Begin PBXFileReference section */
		332F42BF2854B75900432503 /* Day3_1.app */ = {isa = PBXFileReference; explicitFileType = wrapper.application; includeInIndex = 0; path = Day3_1.app; sourceTree = BUILT_PRODUCTS_DIR; };
		332F42C22854B75900432503 /* AppDelegate.swift */ = {isa = PBXFileReference; lastKnownFileType = sourcecode.swift; path = AppDelegate.swift; sourceTree = "<group>"; };
		332F42C42854B75900432503 /* SceneDelegate.swift */ = {isa = PBXFileReference; lastKnownFileType = sourcecode.swift; path = SceneDelegate.swift; sourceTree = "<group>"; };
		332F42C62854B75900432503 /* ViewController.swift */ = {isa = PBXFileReference; lastKnownFileType = sourcecode.swift; path = ViewController.swift; sourceTree = "<group>"; };
		332F42C92854B75900432503 /* Base */ = {isa = PBXFileReference; lastKnownFileType = file.storyboard; name = Base; path = Base.lproj/Main.storyboard; sourceTree = "<group>"; };
		332F42CB2854B75B00432503 /* Assets.xcassets */ = {isa = PBXFileReference; lastKnownFileType = folder.assetcatalog; path = Assets.xcassets; sourceTree = "<group>"; };
		332F42CE2854B75B00432503 /* Base */ = {isa = PBXFileReference; lastKnownFileType = file.storyboard; name = Base; path = Base.lproj/LaunchScreen.storyboard; sourceTree = "<group>"; };
		332F42D02854B75B00432503 /* Info.plist */ = {isa = PBXFileReference; lastKnownFileType = text.plist.xml; path = Info.plist; sourceTree = "<group>"; };
		332F42D62854CDCB00432503 /* YelloViewController.swift */ = {isa = PBXFileReference; lastKnownFileType = sourcecode.swift; path = YelloViewController.swift; sourceTree = "<group>"; };
		332F42D82854CDEA00432503 /* BlueViewController.swift */ = {isa = PBXFileReference; lastKnownFileType = sourcecode.swift; path = BlueViewController.swift; sourceTree = "<group>"; };
		332F42DA2854CE0D00432503 /* PurpilViewController.swift */ = {isa = PBXFileReference; lastKnownFileType = sourcecode.swift; path = PurpilViewController.swift; sourceTree = "<group>"; };
/* End PBXFileReference section */

/* Begin PBXFrameworksBuildPhase section */
		332F42BC2854B75900432503 /* Frameworks */ = {
			isa = PBXFrameworksBuildPhase;
			buildActionMask = 2147483647;
			files = (
			);
			runOnlyForDeploymentPostprocessing = 0;
		};
/* End PBXFrameworksBuildPhase section */

/* Begin PBXGroup section */
		332F42B62854B75900432503 = {
			isa = PBXGroup;
			children = (
				332F42C12854B75900432503 /* Day3_1 */,
				332F42C02854B75900432503 /* Products */,
			);
			sourceTree = "<group>";
		};
		332F42C02854B75900432503 /* Products */ = {
			isa = PBXGroup;
			children = (
				332F42BF2854B75900432503 /* Day3_1.app */,
			);
			name = Products;
			sourceTree = "<group>";
		};
		332F42C12854B75900432503 /* Day3_1 */ = {
			isa = PBXGroup;
			children = (
				332F42C22854B75900432503 /* AppDelegate.swift */,
				332F42C42854B75900432503 /* SceneDelegate.swift */,
				332F42C62854B75900432503 /* ViewController.swift */,
				332F42C82854B75900432503 /* Main.storyboard */,
				332F42CB2854B75B00432503 /* Assets.xcassets */,
				332F42CD2854B75B00432503 /* LaunchScreen.storyboard */,
				332F42D02854B75B00432503 /* Info.plist */,
				332F42D62854CDCB00432503 /* YelloViewController.swift */,
				332F42D82854CDEA00432503 /* BlueViewController.swift */,
				332F42DA2854CE0D00432503 /* PurpilViewController.swift */,
			);
			path = Day3_1;
			sourceTree = "<group>";
		};
/* End PBXGroup section */

/* Begin PBXNativeTarget section */
		332F42BE2854B75900432503 /* Day3_1 */ = {
			isa = PBXNativeTarget;
			buildConfigurationList = 332F42D32854B75B00432503 /* Build configuration list for PBXNativeTarget "Day3_1" */;
			buildPhases = (
				332F42BB2854B75900432503 /* Sources */,
				332F42BC2854B75900432503 /* Frameworks */,
				332F42BD2854B75900432503 /* Resources */,
			);
			buildRules = (
			);
			dependencies = (
			);
			name = Day3_1;
			productName = Day3_1;
			productReference = 332F42BF2854B75900432503 /* Day3_1.app */;
			productType = "com.apple.product-type.application";
		};
/* End PBXNativeTarget section */

/* Begin PBXProject section */
		332F42B72854B75900432503 /* Project object */ = {
			isa = PBXProject;
			attributes = {
				BuildIndependentTargetsInParallel = 1;
				LastSwiftUpdateCheck = 1330;
				LastUpgradeCheck = 1330;
				TargetAttributes = {
					332F42BE2854B75900432503 = {
						CreatedOnToolsVersion = 13.3;
					};
				};
			};
			buildConfigurationList = 332F42BA2854B75900432503 /* Build configuration list for PBXProject "Day3_1" */;
			compatibilityVersion = "Xcode 13.0";
			developmentRegion = en;
			hasScannedForEncodings = 0;
			knownRegions = (
				en,
				Base,
			);
			mainGroup = 332F42B62854B75900432503;
			productRefGroup = 332F42C02854B75900432503 /* Products */;
			projectDirPath = "";
			projectRoot = "";
			targets = (
				332F42BE2854B75900432503 /* Day3_1 */,
			);
		};
/* End PBXProject section */

/* Begin PBXResourcesBuildPhase section */
		332F42BD2854B75900432503 /* Resources */ = {
			isa = PBXResourcesBuildPhase;
			buildActionMask = 2147483647;
			files = (
				332F42CF2854B75B00432503 /* LaunchScreen.storyboard in Resources */,
				332F42CC2854B75B00432503 /* Assets.xcassets in Resources */,
				332F42CA2854B75900432503 /* Main.storyboard in Resources */,
			);
			runOnlyForDeploymentPostprocessing = 0;
		};
/* End PBXResourcesBuildPhase section */

/* Begin PBXSourcesBuildPhase section */
		332F42BB2854B75900432503 /* Sources */ = {
			isa = PBXSourcesBuildPhase;
			buildActionMask = 2147483647;
			files = (
				332F42D72854CDCB00432503 /* YelloViewController.swift in Sources */,
				332F42C72854B75900432503 /* ViewController.swift in Sources */,
				332F42DB2854CE0D00432503 /* PurpilViewController.swift in Sources */,
				332F42C32854B75900432503 /* AppDelegate.swift in Sources */,
				332F42D92854CDEA00432503 /* BlueViewController.swift in Sources */,
				332F42C52854B75900432503 /* SceneDelegate.swift in Sources */,
			);
			runOnlyForDeploymentPostprocessing = 0;
		};
/* End PBXSourcesBuildPhase section */

/* Begin PBXVariantGroup section */
		332F42C82854B75900432503 /* Main.storyboard */ = {
			isa = PBXVariantGroup;
			children = (
				332F42C92854B75900432503 /* Base */,
			);
			name = Main.storyboard;
			sourceTree = "<group>";
		};
		332F42CD2854B75B00432503 /* LaunchScreen.storyboard */ = {
			isa = PBXVariantGroup;
			children = (
				332F42CE2854B75B00432503 /* Base */,
			);
			name = LaunchScreen.storyboard;
			sourceTree = "<group>";
		};
/* End PBXVariantGroup section */

/* Begin XCBuildConfiguration section */
		332F42D12854B75B00432503 /* Debug */ = {
			isa = XCBuildConfiguration;
			buildSettings = {
				ALWAYS_SEARCH_USER_PATHS = NO;
				CLANG_ANALYZER_NONNULL = YES;
				CLANG_ANALYZER_NUMBER_OBJECT_CONVERSION = YES_AGGRESSIVE;
				CLANG_CXX_LANGUAGE_STANDARD = "gnu++17";
				CLANG_ENABLE_MODULES = YES;
				CLANG_ENABLE_OBJC_ARC = YES;
				CLANG_ENABLE_OBJC_WEAK = YES;
				CLANG_WARN_BLOCK_CAPTURE_AUTORELEASING = YES;
				CLANG_WARN_BOOL_CONVERSION = YES;
				CLANG_WARN_COMMA = YES;
				CLANG_WARN_CONSTANT_CONVERSION = YES;
				CLANG_WARN_DEPRECATED_OBJC_IMPLEMENTATIONS = YES;
				CLANG_WARN_DIRECT_OBJC_ISA_USAGE = YES_ERROR;
				CLANG_WARN_DOCUMENTATION_COMMENTS = YES;
				CLANG_WARN_EMPTY_BODY = YES;
				CLANG_WARN_ENUM_CONVERSION = YES;
				CLANG_WARN_INFINITE_RECURSION = YES;
				CLANG_WARN_INT_CONVERSION = YES;
				CLANG_WARN_NON_LITERAL_NULL_CONVERSION = YES;
				CLANG_WARN_OBJC_IMPLICIT_RETAIN_SELF = YES;
				CLANG_WARN_OBJC_LITERAL_CONVERSION = YES;
				CLANG_WARN_OBJC_ROOT_CLASS = YES_ERROR;
				CLANG_WARN_QUOTED_INCLUDE_IN_FRAMEWORK_HEADER = YES;
				CLANG_WARN_RANGE_LOOP_ANALYSIS = YES;
				CLANG_WARN_STRICT_PROTOTYPES = YES;
				CLANG_WARN_SUSPICIOUS_MOVE = YES;
				CLANG_WARN_UNGUARDED_AVAILABILITY = YES_AGGRESSIVE;
				CLANG_WARN_UNREACHABLE_CODE = YES;
				CLANG_WARN__DUPLICATE_METHOD_MATCH = YES;
				COPY_PHASE_STRIP = NO;
				DEBUG_INFORMATION_FORMAT = dwarf;
				ENABLE_STRICT_OBJC_MSGSEND = YES;
				ENABLE_TESTABILITY = YES;
				GCC_C_LANGUAGE_STANDARD = gnu11;
				GCC_DYNAMIC_NO_PIC = NO;
				GCC_NO_COMMON_BLOCKS = YES;
				GCC_OPTIMIZATION_LEVEL = 0;
				GCC_PREPROCESSOR_DEFINITIONS = (
					"DEBUG=1",
					"$(inherited)",
				);
				GCC_WARN_64_TO_32_BIT_CONVERSION = YES;
				GCC_WARN_ABOUT_RETURN_TYPE = YES_ERROR;
				GCC_WARN_UNDECLARED_SELECTOR = YES;
				GCC_WARN_UNINITIALIZED_AUTOS = YES_AGGRESSIVE;
				GCC_WARN_UNUSED_FUNCTION = YES;
				GCC_WARN_UNUSED_VARIABLE = YES;
				IPHONEOS_DEPLOYMENT_TARGET = 15.4;
				MTL_ENABLE_DEBUG_INFO = INCLUDE_SOURCE;
				MTL_FAST_MATH = YES;
				ONLY_ACTIVE_ARCH = YES;
				SDKROOT = iphoneos;
				SWIFT_ACTIVE_COMPILATION_CONDITIONS = DEBUG;
				SWIFT_OPTIMIZATION_LEVEL = "-Onone";
			};
			name = Debug;
		};
		332F42D22854B75B00432503 /* Release */ = {
			isa = XCBuildConfiguration;
			buildSettings = {
				ALWAYS_SEARCH_USER_PATHS = NO;
				CLANG_ANALYZER_NONNULL = YES;
				CLANG_ANALYZER_NUMBER_OBJECT_CONVERSION = YES_AGGRESSIVE;
				CLANG_CXX_LANGUAGE_STANDARD = "gnu++17";
				CLANG_ENABLE_MODULES = YES;
				CLANG_ENABLE_OBJC_ARC = YES;
				CLANG_ENABLE_OBJC_WEAK = YES;
				CLANG_WARN_BLOCK_CAPTURE_AUTORELEASING = YES;
				CLANG_WARN_BOOL_CONVERSION = YES;
				CLANG_WARN_COMMA = YES;
				CLANG_WARN_CONSTANT_CONVERSION = YES;
				CLANG_WARN_DEPRECATED_OBJC_IMPLEMENTATIONS = YES;
				CLANG_WARN_DIRECT_OBJC_ISA_USAGE = YES_ERROR;
				CLANG_WARN_DOCUMENTATION_COMMENTS = YES;
				CLANG_WARN_EMPTY_BODY = YES;
				CLANG_WARN_ENUM_CONVERSION = YES;
				CLANG_WARN_INFINITE_RECURSION = YES;
				CLANG_WARN_INT_CONVERSION = YES;
				CLANG_WARN_NON_LITERAL_NULL_CONVERSION = YES;
				CLANG_WARN_OBJC_IMPLICIT_RETAIN_SELF = YES;
				CLANG_WARN_OBJC_LITERAL_CONVERSION = YES;
				CLANG_WARN_OBJC_ROOT_CLASS = YES_ERROR;
				CLANG_WARN_QUOTED_INCLUDE_IN_FRAMEWORK_HEADER = YES;
				CLANG_WARN_RANGE_LOOP_ANALYSIS = YES;
				CLANG_WARN_STRICT_PROTOTYPES = YES;
				CLANG_WARN_SUSPICIOUS_MOVE = YES;
				CLANG_WARN_UNGUARDED_AVAILABILITY = YES_AGGRESSIVE;
				CLANG_WARN_UNREACHABLE_CODE = YES;
				CLANG_WARN__DUPLICATE_METHOD_MATCH = YES;
				COPY_PHASE_STRIP = NO;
				DEBUG_INFORMATION_FORMAT = "dwarf-with-dsym";
				ENABLE_NS_ASSERTIONS = NO;
				ENABLE_STRICT_OBJC_MSGSEND = YES;
				GCC_C_LANGUAGE_STANDARD = gnu11;
				GCC_NO_COMMON_BLOCKS = YES;
				GCC_WARN_64_TO_32_BIT_CONVERSION = YES;
				GCC_WARN_ABOUT_RETURN_TYPE = YES_ERROR;
				GCC_WARN_UNDECLARED_SELECTOR = YES;
				GCC_WARN_UNINITIALIZED_AUTOS = YES_AGGRESSIVE;
				GCC_WARN_UNUSED_FUNCTION = YES;
				GCC_WARN_UNUSED_VARIABLE = YES;
				IPHONEOS_DEPLOYMENT_TARGET = 15.4;
				MTL_ENABLE_DEBUG_INFO = NO;
				MTL_FAST_MATH = YES;
				SDKROOT = iphoneos;
				SWIFT_COMPILATION_MODE = wholemodule;
				SWIFT_OPTIMIZATION_LEVEL = "-O";
				VALIDATE_PRODUCT = YES;
			};
			name = Release;
		};
		332F42D42854B75B00432503 /* Debug */ = {
			isa = XCBuildConfiguration;
			buildSettings = {
				ASSETCATALOG_COMPILER_APPICON_NAME = AppIcon;
				ASSETCATALOG_COMPILER_GLOBAL_ACCENT_COLOR_NAME = AccentColor;
				CODE_SIGN_STYLE = Automatic;
				CURRENT_PROJECT_VERSION = 1;
				GENERATE_INFOPLIST_FILE = YES;
				INFOPLIST_FILE = Day3_1/Info.plist;
				INFOPLIST_KEY_UIApplicationSupportsIndirectInputEvents = YES;
				INFOPLIST_KEY_UILaunchStoryboardName = LaunchScreen;
				INFOPLIST_KEY_UIMainStoryboardFile = Main;
				INFOPLIST_KEY_UISupportedInterfaceOrientations_iPad = "UIInterfaceOrientationPortrait UIInterfaceOrientationPortraitUpsideDown UIInterfaceOrientationLandscapeLeft UIInterfaceOrientationLandscapeRight";
				INFOPLIST_KEY_UISupportedInterfaceOrientations_iPhone = "UIInterfaceOrientationPortrait UIInterfaceOrientationLandscapeLeft UIInterfaceOrientationLandscapeRight";
				LD_RUNPATH_SEARCH_PATHS = (
					"$(inherited)",
					"@executable_path/Frameworks",
				);
				MARKETING_VERSION = 1.0;
				PRODUCT_BUNDLE_IDENTIFIER = "com.quyen.Day3-1";
				PRODUCT_NAME = "$(TARGET_NAME)";
				SWIFT_EMIT_LOC_STRINGS = YES;
				SWIFT_VERSION = 5.0;
				TARGETED_DEVICE_FAMILY = "1,2";
			};
			name = Debug;
		};
		332F42D52854B75B00432503 /* Release */ = {
			isa = XCBuildConfiguration;
			buildSettings = {
				ASSETCATALOG_COMPILER_APPICON_NAME = AppIcon;
				ASSETCATALOG_COMPILER_GLOBAL_ACCENT_COLOR_NAME = AccentColor;
				CODE_SIGN_STYLE = Automatic;
				CURRENT_PROJECT_VERSION = 1;
				GENERATE_INFOPLIST_FILE = YES;
				INFOPLIST_FILE = Day3_1/Info.plist;
				INFOPLIST_KEY_UIApplicationSupportsIndirectInputEvents = YES;
				INFOPLIST_KEY_UILaunchStoryboardName = LaunchScreen;
				INFOPLIST_KEY_UIMainStoryboardFile = Main;
				INFOPLIST_KEY_UISupportedInterfaceOrientations_iPad = "UIInterfaceOrientationPortrait UIInterfaceOrientationPortraitUpsideDown UIInterfaceOrientationLandscapeLeft UIInterfaceOrientationLandscapeRight";
				INFOPLIST_KEY_UISupportedInterfaceOrientations_iPhone = "UIInterfaceOrientationPortrait UIInterfaceOrientationLandscapeLeft UIInterfaceOrientationLandscapeRight";
				LD_RUNPATH_SEARCH_PATHS = (
					"$(inherited)",
					"@executable_path/Frameworks",
				);
				MARKETING_VERSION = 1.0;
				PRODUCT_BUNDLE_IDENTIFIER = "com.quyen.Day3-1";
				PRODUCT_NAME = "$(TARGET_NAME)";
				SWIFT_EMIT_LOC_STRINGS = YES;
				SWIFT_VERSION = 5.0;
				TARGETED_DEVICE_FAMILY = "1,2";
			};
			name = Release;
		};
/* End XCBuildConfiguration section */

/* Begin XCConfigurationList section */
		332F42BA2854B75900432503 /* Build configuration list for PBXProject "Day3_1" */ = {
			isa = XCConfigurationList;
			buildConfigurations = (
				332F42D12854B75B00432503 /* Debug */,
				332F42D22854B75B00432503 /* Release */,
			);
			defaultConfigurationIsVisible = 0;
			defaultConfigurationName = Release;
		};
		332F42D32854B75B00432503 /* Build configuration list for PBXNativeTarget "Day3_1" */ = {
			isa = XCConfigurationList;
			buildConfigurations = (
				332F42D42854B75B00432503 /* Debug */,
				332F42D52854B75B00432503 /* Release */,
			);
			defaultConfigurationIsVisible = 0;
			defaultConfigurationName = Release;
		};
/* End XCConfigurationList section */
	};
	rootObject = 332F42B72854B75900432503 /* Project object */;
}
